
Microsoft Visual Studio Solution File, Format Version 12.00
# Visual Studio Version 17
VisualStudioVersion = 17.7.34018.315
MinimumVisualStudioVersion = 10.0.40219.1
Project("{FAE04EC0-301F-11D3-BF4B-00C04F79EFBC}") = "sampling-validator", "sampling-validator\sampling-validator.csproj", "{43C3217C-B8BD-4FBE-B296-38C4A0B42177}"
EndProject
Global
	GlobalSection(SolutionConfigurationPlatforms) = preSolution
		Debug|Any CPU = Debug|Any CPU
		Release|Any CPU = Release|Any CPU
	EndGlobalSection
	GlobalSection(ProjectConfigurationPlatforms) = postSolution
		{43C3217C-B8BD-4FBE-B296-38C4A0B42177}.Debug|Any CPU.ActiveCfg = Debug|Any CPU
		{43C3217C-B8BD-4FBE-B296-38C4A0B42177}.Debug|Any CPU.Build.0 = Debug|Any CPU
		{43C3217C-B8BD-4FBE-B296-38C4A0B42177}.Release|Any CPU.ActiveCfg = Release|Any CPU
		{43C3217C-B8BD-4FBE-B296-38C4A0B42177}.Release|Any CPU.Build.0 = Release|Any CPU
	EndGlobalSection
	GlobalSection(SolutionProperties) = preSolution
		HideSolutionNode = FALSE
	EndGlobalSection
	GlobalSection(ExtensibilityGlobals) = postSolution
		SolutionGuid = {78AB9591-C3A0-4C42-8185-166DF7ED6DFB}
	EndGlobalSection
EndGlobal
